
Microsoft Visual Studio Solution File, Format Version 12.00
# Visual Studio 14
VisualStudioVersion = 14.0.24720.0
MinimumVisualStudioVersion = 10.0.40219.1
Project("{FAE04EC0-301F-11D3-BF4B-00C04F79EFBC}") = "FinalYearProject", "FinalYearProject\FinalYearProject.csproj", "{B8D5E467-95CB-4539-A626-C8DBB48AC67B}"
EndProject
Project("{FAE04EC0-301F-11D3-BF4B-00C04F79EFBC}") = "CosmosApplication", "CosmosApplication\CosmosApplication.csproj", "{17422651-F04F-4F94-A221-85D611FD3A98}"
EndProject
Global
	GlobalSection(SolutionConfigurationPlatforms) = preSolution
		Debug|Any CPU = Debug|Any CPU
		Release|Any CPU = Release|Any CPU
	EndGlobalSection
	GlobalSection(ProjectConfigurationPlatforms) = postSolution
		{B8D5E467-95CB-4539-A626-C8DBB48AC67B}.Debug|Any CPU.ActiveCfg = Debug|Any CPU
		{B8D5E467-95CB-4539-A626-C8DBB48AC67B}.Debug|Any CPU.Build.0 = Debug|Any CPU
		{B8D5E467-95CB-4539-A626-C8DBB48AC67B}.Release|Any CPU.ActiveCfg = Release|Any CPU
		{B8D5E467-95CB-4539-A626-C8DBB48AC67B}.Release|Any CPU.Build.0 = Release|Any CPU
		{17422651-F04F-4F94-A221-85D611FD3A98}.Debug|Any CPU.ActiveCfg = Debug|Any CPU
		{17422651-F04F-4F94-A221-85D611FD3A98}.Debug|Any CPU.Build.0 = Debug|Any CPU
		{17422651-F04F-4F94-A221-85D611FD3A98}.Release|Any CPU.ActiveCfg = Release|Any CPU
		{17422651-F04F-4F94-A221-85D611FD3A98}.Release|Any CPU.Build.0 = Release|Any CPU
	EndGlobalSection
	GlobalSection(SolutionProperties) = preSolution
		HideSolutionNode = FALSE
	EndGlobalSection
EndGlobal
